
Microsoft Visual Studio Solution File, Format Version 12.00
# Visual Studio Version 16
VisualStudioVersion = 16.0.30413.136
MinimumVisualStudioVersion = 10.0.40219.1
Project("{FAE04EC0-301F-11D3-BF4B-00C04F79EFBC}") = "FieldLogger.Chart", "FieldLogger.Chart\FieldLogger.Chart.csproj", "{120AEF1F-FE0A-4878-8362-DFB9D7055395}"
EndProject
Global
	GlobalSection(SolutionConfigurationPlatforms) = preSolution
		Debug|Any CPU = Debug|Any CPU
		Release|Any CPU = Release|Any CPU
	EndGlobalSection
	GlobalSection(ProjectConfigurationPlatforms) = postSolution
		{120AEF1F-FE0A-4878-8362-DFB9D7055395}.Debug|Any CPU.ActiveCfg = Debug|Any CPU
		{120AEF1F-FE0A-4878-8362-DFB9D7055395}.Debug|Any CPU.Build.0 = Debug|Any CPU
		{120AEF1F-FE0A-4878-8362-DFB9D7055395}.Release|Any CPU.ActiveCfg = Release|Any CPU
		{120AEF1F-FE0A-4878-8362-DFB9D7055395}.Release|Any CPU.Build.0 = Release|Any CPU
	EndGlobalSection
	GlobalSection(SolutionProperties) = preSolution
		HideSolutionNode = FALSE
	EndGlobalSection
	GlobalSection(ExtensibilityGlobals) = postSolution
		SolutionGuid = {E1C35DF6-0F1A-48F3-9CA5-F159377C4603}
	EndGlobalSection
EndGlobal
